
Microsoft Visual Studio Solution File, Format Version 12.00
# Visual Studio Version 17
VisualStudioVersion = 17.13.35931.197 d17.13
MinimumVisualStudioVersion = 10.0.40219.1
Project("{FAE04EC0-301F-11D3-BF4B-00C04F79EFBC}") = "SingletonDemo", "SingletonDemo.csproj", "{6EBFCD18-06BA-4D0D-AC0C-BFE4D33D7A30}"
EndProject
Global
	GlobalSection(SolutionConfigurationPlatforms) = preSolution
		Debug|Any CPU = Debug|Any CPU
		Release|Any CPU = Release|Any CPU
	EndGlobalSection
	GlobalSection(ProjectConfigurationPlatforms) = postSolution
		{6EBFCD18-06BA-4D0D-AC0C-BFE4D33D7A30}.Debug|Any CPU.ActiveCfg = Debug|Any CPU
		{6EBFCD18-06BA-4D0D-AC0C-BFE4D33D7A30}.Debug|Any CPU.Build.0 = Debug|Any CPU
		{6EBFCD18-06BA-4D0D-AC0C-BFE4D33D7A30}.Release|Any CPU.ActiveCfg = Release|Any CPU
		{6EBFCD18-06BA-4D0D-AC0C-BFE4D33D7A30}.Release|Any CPU.Build.0 = Release|Any CPU
	EndGlobalSection
	GlobalSection(SolutionProperties) = preSolution
		HideSolutionNode = FALSE
	EndGlobalSection
	GlobalSection(ExtensibilityGlobals) = postSolution
		SolutionGuid = {14F33D6A-C576-4646-9048-90820AB5542B}
	EndGlobalSection
EndGlobal
