
Microsoft Visual Studio Solution File, Format Version 12.00
# Visual Studio Version 17
VisualStudioVersion = 17.13.35931.197 d17.13
MinimumVisualStudioVersion = 10.0.40219.1
Project("{FAE04EC0-301F-11D3-BF4B-00C04F79EFBC}") = "FSMDemo", "FSMDemo.csproj", "{4FB39ACF-63E4-4F38-87D7-BD5C05365084}"
EndProject
Global
	GlobalSection(SolutionConfigurationPlatforms) = preSolution
		Debug|Any CPU = Debug|Any CPU
		Release|Any CPU = Release|Any CPU
	EndGlobalSection
	GlobalSection(ProjectConfigurationPlatforms) = postSolution
		{4FB39ACF-63E4-4F38-87D7-BD5C05365084}.Debug|Any CPU.ActiveCfg = Debug|Any CPU
		{4FB39ACF-63E4-4F38-87D7-BD5C05365084}.Debug|Any CPU.Build.0 = Debug|Any CPU
		{4FB39ACF-63E4-4F38-87D7-BD5C05365084}.Release|Any CPU.ActiveCfg = Release|Any CPU
		{4FB39ACF-63E4-4F38-87D7-BD5C05365084}.Release|Any CPU.Build.0 = Release|Any CPU
	EndGlobalSection
	GlobalSection(SolutionProperties) = preSolution
		HideSolutionNode = FALSE
	EndGlobalSection
	GlobalSection(ExtensibilityGlobals) = postSolution
		SolutionGuid = {9E06247C-C149-4652-9E76-E4FFA3B14C15}
	EndGlobalSection
EndGlobal
