
Microsoft Visual Studio Solution File, Format Version 12.00
# Visual Studio Version 17
VisualStudioVersion = 17.13.35931.197 d17.13
MinimumVisualStudioVersion = 10.0.40219.1
Project("{FAE04EC0-301F-11D3-BF4B-00C04F79EFBC}") = "StructDemo", "StructDemo.csproj", "{65BD6C5F-1C1E-4B08-9859-8E1DF9323773}"
EndProject
Global
	GlobalSection(SolutionConfigurationPlatforms) = preSolution
		Debug|Any CPU = Debug|Any CPU
		Release|Any CPU = Release|Any CPU
	EndGlobalSection
	GlobalSection(ProjectConfigurationPlatforms) = postSolution
		{65BD6C5F-1C1E-4B08-9859-8E1DF9323773}.Debug|Any CPU.ActiveCfg = Debug|Any CPU
		{65BD6C5F-1C1E-4B08-9859-8E1DF9323773}.Debug|Any CPU.Build.0 = Debug|Any CPU
		{65BD6C5F-1C1E-4B08-9859-8E1DF9323773}.Release|Any CPU.ActiveCfg = Release|Any CPU
		{65BD6C5F-1C1E-4B08-9859-8E1DF9323773}.Release|Any CPU.Build.0 = Release|Any CPU
	EndGlobalSection
	GlobalSection(SolutionProperties) = preSolution
		HideSolutionNode = FALSE
	EndGlobalSection
	GlobalSection(ExtensibilityGlobals) = postSolution
		SolutionGuid = {30720A2E-D803-4D1C-93AA-FEE7025267CD}
	EndGlobalSection
EndGlobal
