
Microsoft Visual Studio Solution File, Format Version 12.00
# Visual Studio Version 17
VisualStudioVersion = 17.13.35931.197 d17.13
MinimumVisualStudioVersion = 10.0.40219.1
Project("{FAE04EC0-301F-11D3-BF4B-00C04F79EFBC}") = "UICreationDemo", "UICreationDemo.csproj", "{30FD035C-A15A-4DDF-A463-5605A5338B22}"
EndProject
Global
	GlobalSection(SolutionConfigurationPlatforms) = preSolution
		Debug|Any CPU = Debug|Any CPU
		Release|Any CPU = Release|Any CPU
	EndGlobalSection
	GlobalSection(ProjectConfigurationPlatforms) = postSolution
		{30FD035C-A15A-4DDF-A463-5605A5338B22}.Debug|Any CPU.ActiveCfg = Debug|Any CPU
		{30FD035C-A15A-4DDF-A463-5605A5338B22}.Debug|Any CPU.Build.0 = Debug|Any CPU
		{30FD035C-A15A-4DDF-A463-5605A5338B22}.Release|Any CPU.ActiveCfg = Release|Any CPU
		{30FD035C-A15A-4DDF-A463-5605A5338B22}.Release|Any CPU.Build.0 = Release|Any CPU
	EndGlobalSection
	GlobalSection(SolutionProperties) = preSolution
		HideSolutionNode = FALSE
	EndGlobalSection
	GlobalSection(ExtensibilityGlobals) = postSolution
		SolutionGuid = {374BB605-1AFB-4D28-A859-DC32C3629485}
	EndGlobalSection
EndGlobal
